
Microsoft Visual Studio Solution File, Format Version 12.00
# Visual Studio 2012
Project("{FAE04EC0-301F-11D3-BF4B-00C04F79EFBC}") = "CEngineSharp Server", "src\CEngineSharp Server\CEngineSharp Server.csproj", "{ED4FF59C-B197-41C4-89D6-1FE53CE97F25}"
EndProject
Project("{FAE04EC0-301F-11D3-BF4B-00C04F79EFBC}") = "CEngineSharp Client", "src\CEngineSharp Client\CEngineSharp Client.csproj", "{6B289105-55B7-49BC-8DB9-20EF617ACF11}"
EndProject
Project("{FAE04EC0-301F-11D3-BF4B-00C04F79EFBC}") = "CEngineSharp Editor", "src\CEngineSharp Editor\CEngineSharp Editor.csproj", "{A9FB2BF6-BD27-424C-A849-8104E7A93412}"
EndProject
Project("{FAE04EC0-301F-11D3-BF4B-00C04F79EFBC}") = "CEngineSharp Utilities", "src\CEngineSharp Utilities\CEngineSharp Utilities.csproj", "{1A9EC1BF-E330-494F-BD56-9B94C831A015}"
EndProject
Project("{FAE04EC0-301F-11D3-BF4B-00C04F79EFBC}") = "CEngineSharp World", "src\CEngineSharp World\CEngineSharp World.csproj", "{4D2C2F4C-3DBE-41C0-828E-7AE858A51739}"
EndProject
Global
	GlobalSection(SolutionConfigurationPlatforms) = preSolution
		Debug|Any CPU = Debug|Any CPU
		Debug|Mixed Platforms = Debug|Mixed Platforms
		Debug|x86 = Debug|x86
		Release|Any CPU = Release|Any CPU
		Release|Mixed Platforms = Release|Mixed Platforms
		Release|x86 = Release|x86
	EndGlobalSection
	GlobalSection(ProjectConfigurationPlatforms) = postSolution
		{ED4FF59C-B197-41C4-89D6-1FE53CE97F25}.Debug|Any CPU.ActiveCfg = Debug|Any CPU
		{ED4FF59C-B197-41C4-89D6-1FE53CE97F25}.Debug|Any CPU.Build.0 = Debug|Any CPU
		{ED4FF59C-B197-41C4-89D6-1FE53CE97F25}.Debug|Mixed Platforms.ActiveCfg = Debug|Any CPU
		{ED4FF59C-B197-41C4-89D6-1FE53CE97F25}.Debug|Mixed Platforms.Build.0 = Debug|Any CPU
		{ED4FF59C-B197-41C4-89D6-1FE53CE97F25}.Debug|x86.ActiveCfg = Debug|Any CPU
		{ED4FF59C-B197-41C4-89D6-1FE53CE97F25}.Release|Any CPU.ActiveCfg = Release|Any CPU
		{ED4FF59C-B197-41C4-89D6-1FE53CE97F25}.Release|Any CPU.Build.0 = Release|Any CPU
		{ED4FF59C-B197-41C4-89D6-1FE53CE97F25}.Release|Mixed Platforms.ActiveCfg = Release|Any CPU
		{ED4FF59C-B197-41C4-89D6-1FE53CE97F25}.Release|Mixed Platforms.Build.0 = Release|Any CPU
		{ED4FF59C-B197-41C4-89D6-1FE53CE97F25}.Release|x86.ActiveCfg = Release|Any CPU
		{6B289105-55B7-49BC-8DB9-20EF617ACF11}.Debug|Any CPU.ActiveCfg = Debug|Any CPU
		{6B289105-55B7-49BC-8DB9-20EF617ACF11}.Debug|Any CPU.Build.0 = Debug|Any CPU
		{6B289105-55B7-49BC-8DB9-20EF617ACF11}.Debug|Mixed Platforms.ActiveCfg = Debug|Any CPU
		{6B289105-55B7-49BC-8DB9-20EF617ACF11}.Debug|Mixed Platforms.Build.0 = Debug|Any CPU
		{6B289105-55B7-49BC-8DB9-20EF617ACF11}.Debug|x86.ActiveCfg = Debug|Any CPU
		{6B289105-55B7-49BC-8DB9-20EF617ACF11}.Release|Any CPU.ActiveCfg = Release|Any CPU
		{6B289105-55B7-49BC-8DB9-20EF617ACF11}.Release|Any CPU.Build.0 = Release|Any CPU
		{6B289105-55B7-49BC-8DB9-20EF617ACF11}.Release|Mixed Platforms.ActiveCfg = Release|Any CPU
		{6B289105-55B7-49BC-8DB9-20EF617ACF11}.Release|Mixed Platforms.Build.0 = Release|Any CPU
		{6B289105-55B7-49BC-8DB9-20EF617ACF11}.Release|x86.ActiveCfg = Release|Any CPU
		{A9FB2BF6-BD27-424C-A849-8104E7A93412}.Debug|Any CPU.ActiveCfg = Debug|Any CPU
		{A9FB2BF6-BD27-424C-A849-8104E7A93412}.Debug|Any CPU.Build.0 = Debug|Any CPU
		{A9FB2BF6-BD27-424C-A849-8104E7A93412}.Debug|Mixed Platforms.ActiveCfg = Debug|Any CPU
		{A9FB2BF6-BD27-424C-A849-8104E7A93412}.Debug|Mixed Platforms.Build.0 = Debug|Any CPU
		{A9FB2BF6-BD27-424C-A849-8104E7A93412}.Debug|x86.ActiveCfg = Debug|Any CPU
		{A9FB2BF6-BD27-424C-A849-8104E7A93412}.Release|Any CPU.ActiveCfg = Release|Any CPU
		{A9FB2BF6-BD27-424C-A849-8104E7A93412}.Release|Any CPU.Build.0 = Release|Any CPU
		{A9FB2BF6-BD27-424C-A849-8104E7A93412}.Release|Mixed Platforms.ActiveCfg = Release|Any CPU
		{A9FB2BF6-BD27-424C-A849-8104E7A93412}.Release|Mixed Platforms.Build.0 = Release|Any CPU
		{A9FB2BF6-BD27-424C-A849-8104E7A93412}.Release|x86.ActiveCfg = Release|Any CPU
		{1A9EC1BF-E330-494F-BD56-9B94C831A015}.Debug|Any CPU.ActiveCfg = Debug|Any CPU
		{1A9EC1BF-E330-494F-BD56-9B94C831A015}.Debug|Any CPU.Build.0 = Debug|Any CPU
		{1A9EC1BF-E330-494F-BD56-9B94C831A015}.Debug|Mixed Platforms.ActiveCfg = Debug|Any CPU
		{1A9EC1BF-E330-494F-BD56-9B94C831A015}.Debug|Mixed Platforms.Build.0 = Debug|Any CPU
		{1A9EC1BF-E330-494F-BD56-9B94C831A015}.Debug|x86.ActiveCfg = Debug|Any CPU
		{1A9EC1BF-E330-494F-BD56-9B94C831A015}.Release|Any CPU.ActiveCfg = Release|Any CPU
		{1A9EC1BF-E330-494F-BD56-9B94C831A015}.Release|Any CPU.Build.0 = Release|Any CPU
		{1A9EC1BF-E330-494F-BD56-9B94C831A015}.Release|Mixed Platforms.ActiveCfg = Release|Any CPU
		{1A9EC1BF-E330-494F-BD56-9B94C831A015}.Release|Mixed Platforms.Build.0 = Release|Any CPU
		{1A9EC1BF-E330-494F-BD56-9B94C831A015}.Release|x86.ActiveCfg = Release|Any CPU
		{4D2C2F4C-3DBE-41C0-828E-7AE858A51739}.Debug|Any CPU.ActiveCfg = Debug|Any CPU
		{4D2C2F4C-3DBE-41C0-828E-7AE858A51739}.Debug|Any CPU.Build.0 = Debug|Any CPU
		{4D2C2F4C-3DBE-41C0-828E-7AE858A51739}.Debug|Mixed Platforms.ActiveCfg = Debug|Any CPU
		{4D2C2F4C-3DBE-41C0-828E-7AE858A51739}.Debug|Mixed Platforms.Build.0 = Debug|Any CPU
		{4D2C2F4C-3DBE-41C0-828E-7AE858A51739}.Debug|x86.ActiveCfg = Debug|Any CPU
		{4D2C2F4C-3DBE-41C0-828E-7AE858A51739}.Release|Any CPU.ActiveCfg = Release|Any CPU
		{4D2C2F4C-3DBE-41C0-828E-7AE858A51739}.Release|Any CPU.Build.0 = Release|Any CPU
		{4D2C2F4C-3DBE-41C0-828E-7AE858A51739}.Release|Mixed Platforms.ActiveCfg = Release|Any CPU
		{4D2C2F4C-3DBE-41C0-828E-7AE858A51739}.Release|Mixed Platforms.Build.0 = Release|Any CPU
		{4D2C2F4C-3DBE-41C0-828E-7AE858A51739}.Release|x86.ActiveCfg = Release|Any CPU
	EndGlobalSection
	GlobalSection(SolutionProperties) = preSolution
		HideSolutionNode = FALSE
	EndGlobalSection
EndGlobal
